version = 1
revision = 3
requires-python = "==3.11.*"
resolution-markers = [
    "sys_platform == 'win32'",
    "sys_platform == 'emscripten'",
    "sys_platform != 'emscripten' and sys_platform != 'win32'",
]

[[package]]
name = "aws-msk-iam-sasl-signer-python"
version = "1.0.2"
source = { registry = "https://pypi.org/simple" }
dependencies = [
    { name = "boto3" },
    { name = "botocore" },
    { name = "click" },
]
sdist = { url = "https://files.pythonhosted.org/packages/38/8b/9af0a7def4ba357afadc89c06019d3735944cb3d6065a455f41580ba7fd6/aws_msk_iam_sasl_signer_python-1.0.2.tar.gz", hash = "sha256:3432d88a7c6db4887ceb1130ebaed0113bfda48b79ea811537add5f1d25fa13f", size = 24034, upload-time = "2025-03-05T20:49:48.582Z" }
wheels = [
    { url = "https://files.pythonhosted.org/packages/06/43/f3ffd79fc4941b8d610530d81e1f600cfa1b8651affc25cb929fd0f2f2c9/aws_msk_iam_sasl_signer_python-1.0.2-py2.py3-none-any.whl", hash = "sha256:310eb2db9ca0ff55ed06a24212739b87533e7f1cf6f34e43aabbd97a3b21290e", size = 13279, upload-time = "2025-03-05T20:49:46.611Z" },
]

[[package]]
name = "boto3"
version = "1.43.60"
source = { registry = "https://pypi.org/simple" }
dependencies = [
    { name = "botocore" },
    { name = "jmespath" },
    { name = "s3transfer" },
]
sdist = { url = "https://files.pythonhosted.org/packages/35/49/b6839b7926435ad18c185ef12f692c00daad92d73b39a51659ac1e6f1bbb/boto3-1.43.60.tar.gz", hash = "sha256:fadc44abeed752405f60a934e5756c29f15968e35e126a3f09fce1dfa00705bc", size = 112677, upload-time = "2026-07-30T19:34:27.184Z" }
wheels = [
    { url = "https://files.pythonhosted.org/packages/17/2e/50fab08cecd00c9f7079d38b4d29325d90914c782740f9e91cf34d908814/boto3-1.43.60-py3-none-any.whl", hash = "sha256:39d2dd6d5a36d2a15be261a67cdc0d363dda50d74ef4d076c386f290ad651668", size = 140025, upload-time = "2026-07-30T19:34:25.441Z" },
]

[[package]]
name = "botocore"
version = "1.43.60"
source = { registry = "https://pypi.org/simple" }
dependencies = [
    { name = "jmespath" },
    { name = "python-dateutil" },
    { name = "urllib3" },
]
sdist = { url = "https://files.pythonhosted.org/packages/3a/48/724206f41702fec3d07ab6b3209296c350af073913863e58f4945bfdbc9b/botocore-1.43.60.tar.gz", hash = "sha256:700cd0f7986d64cb4f8bcf829a2d8d4ee0d909f4120f83ef72609af7b92022a3", size = 15799271, upload-time = "2026-07-30T19:34:16.604Z" }
wheels = [
    { url = "https://files.pythonhosted.org/packages/a4/8d/24694baef2502d57b71a80faa634efe25d89fd2a5820749a05d0ace27e85/botocore-1.43.60-py3-none-any.whl", hash = "sha256:64b6f726eb9fbb9e9e1705bf3362f19c1794a2814539e8bffd62ddc71fc14dfd", size = 15485696, upload-time = "2026-07-30T19:34:13.367Z" },
]

[[package]]
name = "click"
version = "8.4.2"
source = { registry = "https://pypi.org/simple" }
dependencies = [
    { name = "colorama", marker = "sys_platform == 'win32'" },
]
sdist = { url = "https://files.pythonhosted.org/packages/76/d4/81420972a676e8ffea40450d8c8c92943e7218a78fe9b64359836cc9876b/click-8.4.2.tar.gz", hash = "sha256:9a6cea6e60b17ebe0a44c5cc636d94f09bd66142c1cd7d8b4cd731c4917a15f6", size = 338000, upload-time = "2026-06-24T17:45:15.148Z" }
wheels = [
    { url = "https://files.pythonhosted.org/packages/fb/e2/79c688af8b210d232694e31e59da9f6ec747bae31c3f5946e4e9b98860d5/click-8.4.2-py3-none-any.whl", hash = "sha256:e6f9f66136c816745b9d65817da91d61d957fb16e02e4dcd0552553c5a197b76", size = 119243, upload-time = "2026-06-24T17:45:13.73Z" },
]

[[package]]
name = "colorama"
version = "0.4.6"
source = { registry = "https://pypi.org/simple" }
sdist = { url = "https://files.pythonhosted.org/packages/d8/53/6f443c9a4a8358a93a6792e2acffb9d9d5cb0a5cfd8802644b7b1c9a02e4/colorama-0.4.6.tar.gz", hash = "sha256:08695f5cb7ed6e0531a20572697297273c47b8cae5a63ffc6d6ed5c201be6e44", size = 27697, upload-time = "2022-10-25T02:36:22.414Z" }
wheels = [
    { url = "https://files.pythonhosted.org/packages/d1/d6/3965ed04c63042e047cb6a3e6ed1a63a35087b6a609aa3a15ed8ac56c221/colorama-0.4.6-py2.py3-none-any.whl", hash = "sha256:4f1d9991f5acc0ca119f9d443620b77f9d6b33703e51011c16baf57afb285fc6", size = 25335, upload-time = "2022-10-25T02:36:20.889Z" },
]

[[package]]
name = "confluent-kafka"
version = "2.15.0"
source = { registry = "https://pypi.org/simple" }
sdist = { url = "https://files.pythonhosted.org/packages/51/90/eb998fedefb63b42910b54b76b7d300ccddc56430a5175122eb60cedc4f3/confluent_kafka-2.15.0.tar.gz", hash = "sha256:7ad9bad1cbabf6713ec039b8204b48d322024fd11397eec88d912e048c732ba7", size = 323365, upload-time = "2026-06-30T19:48:43.395Z" }
wheels = [
    { url = "https://files.pythonhosted.org/packages/5e/42/3522fb404e3b4a323fe25c5993cd2e8fcfa5d3a82f65aa8a7ffd49bdbec9/confluent_kafka-2.15.0-cp311-cp311-macosx_10_9_x86_64.whl", hash = "sha256:3c4493caf1f1d2e295f5be8400d3a9854016456241f7062d0fb22dd01e2632e6", size = 4362085, upload-time = "2026-06-30T19:47:52.751Z" },
    { url = "https://files.pythonhosted.org/packages/3a/20/7e8aca63fabcbd88bc47c337187f3f6ad34f9950ed58a2184a5473617719/confluent_kafka-2.15.0-cp311-cp311-macosx_11_0_arm64.whl", hash = "sha256:c311695a10cefc1579372bd2f3808d28fd0c3d8cc7f578c94a381f351018912e", size = 4334128, upload-time = "2026-06-30T19:47:54.272Z" },
    { url = "https://files.pythonhosted.org/packages/77/c2/c2f38b593ce622aba2cab5c3272932d1538394cec8bd5fcb2f072c61bf3e/confluent_kafka-2.15.0-cp311-cp311-manylinux_2_28_aarch64.whl", hash = "sha256:7868fe2c2e1f6434903e3f1ea0ba6976d9382f5a9ef46f85d205ca7eb6f28689", size = 4974285, upload-time = "2026-06-30T19:47:56.062Z" },
    { url = "https://files.pythonhosted.org/packages/c6/18/fe516c9e158556b59c16b92da948186ba240925f80242d39795d94255b27/confluent_kafka-2.15.0-cp311-cp311-manylinux_2_28_x86_64.whl", hash = "sha256:e31bbb5775da23f14264b3e6efd3839c1611a639f3d8c15516350798fe6f2750", size = 4780780, upload-time = "2026-06-30T19:47:57.765Z" },
    { url = "https://files.pythonhosted.org/packages/62/30/3b204e0df740d6941b7da440b3d45cc26c64e1a455e38d6ec4c2360f1a7e/confluent_kafka-2.15.0-cp311-cp311-win_amd64.whl", hash = "sha256:c041b784f25d2b0b8b2abab7390020951229b694a5c037402c493b0eeca12020", size = 4548794, upload-time = "2026-06-30T19:47:59.416Z" },
]

[[package]]
name = "faker"
version = "40.36.0"
source = { registry = "https://pypi.org/simple" }
dependencies = [
    { name = "tzdata", marker = "sys_platform == 'win32'" },
]
sdist = { url = "https://files.pythonhosted.org/packages/98/d2/026af1e002bbc6df534d1f8262b18ec79a974f928e9290bfbfdfe7c7b2af/faker-40.36.0.tar.gz", hash = "sha256:754048c76c03afa7de83eee8f4bcee3cf668cbb7d995f54a4e9678db7f110308", size = 2025903, upload-time = "2026-07-24T21:11:33.088Z" }
wheels = [
    { url = "https://files.pythonhosted.org/packages/50/9a/b947ed175ce9a0dcb070ccf3607f0ce8720cfb5ed1a36166a150b2acd5af/faker-40.36.0-py3-none-any.whl", hash = "sha256:82b9497d9cfe017048075bcf969298a74b1b6e39f5e4dad1211085d1133f7b62", size = 2062829, upload-time = "2026-07-24T21:11:31.37Z" },
]

[[package]]
name = "fintech-data-platform"
version = "1"
source = { virtual = "." }
dependencies = [
    { name = "aws-msk-iam-sasl-signer-python" },
    { name = "confluent-kafka" },
    { name = "faker" },
    { name = "kafka-python" },
    { name = "numpy" },
    { name = "pandas" },
    { name = "pyarrow" },
    { name = "python-dateutil" },
]

[package.metadata]
requires-dist = [
    { name = "aws-msk-iam-sasl-signer-python", specifier = ">=1.0.2" },
    { name = "confluent-kafka", specifier = ">=2.15.0" },
    { name = "faker", specifier = ">=40.36.0" },
    { name = "kafka-python", specifier = ">=3.0.9" },
    { name = "numpy", specifier = ">=2.4.6" },
    { name = "pandas", specifier = ">=3.0.5" },
    { name = "pyarrow", specifier = ">=25.0.0" },
    { name = "python-dateutil", specifier = ">=2.9.0.post0" },
]

[[package]]
name = "jmespath"
version = "1.1.0"
source = { registry = "https://pypi.org/simple" }
sdist = { url = "https://files.pythonhosted.org/packages/d3/59/322338183ecda247fb5d1763a6cbe46eff7222eaeebafd9fa65d4bf5cb11/jmespath-1.1.0.tar.gz", hash = "sha256:472c87d80f36026ae83c6ddd0f1d05d4e510134ed462851fd5f754c8c3cbb88d", size = 27377, upload-time = "2026-01-22T16:35:26.279Z" }
wheels = [
    { url = "https://files.pythonhosted.org/packages/14/2f/967ba146e6d58cf6a652da73885f52fc68001525b4197effc174321d70b4/jmespath-1.1.0-py3-none-any.whl", hash = "sha256:a5663118de4908c91729bea0acadca56526eb2698e83de10cd116ae0f4e97c64", size = 20419, upload-time = "2026-01-22T16:35:24.919Z" },
]

[[package]]
name = "kafka-python"
version = "3.0.9"
source = { registry = "https://pypi.org/simple" }
sdist = { url = "https://files.pythonhosted.org/packages/99/ae/2a6a54192fa336d10306a10f67a2db7ebb70bbe1600127b29fd45f18af50/kafka_python-3.0.9.tar.gz", hash = "sha256:703c00a59d9853494a9821f8665d99e9443951dabe657a0b2a24e9e50a70703d", size = 513213, upload-time = "2026-07-21T18:19:27.838Z" }
wheels = [
    { url = "https://files.pythonhosted.org/packages/fa/a0/d6c0d888a865fe06fc9746ca0519f511acca4b36a750e04b703ed47fdd61/kafka_python-3.0.9-py3-none-any.whl", hash = "sha256:506ba871979b79813120bbf522bd71d827611c0756de57aac5a15f111a11bed4", size = 614119, upload-time = "2026-07-21T18:19:25.739Z" },
]

[[package]]
name = "numpy"
version = "2.4.6"
source = { registry = "https://pypi.org/simple" }
sdist = { url = "https://files.pythonhosted.org/packages/d0/ad/fed0499ce6a338d2a03ebae59cd15093910c8875328855781952abf6c2fe/numpy-2.4.6.tar.gz", hash = "sha256:f3a3570c4a2a16746ac2c31a7c7c7b0c186b95ce902e33db6f28094ed7387dda", size = 20735807, upload-time = "2026-05-18T23:37:14.07Z" }
wheels = [
    { url = "https://files.pythonhosted.org/packages/b3/49/ec46835a70be8fa6446c495126ac84fdb28cb2558e1620ffb87a10c8b64c/numpy-2.4.6-cp311-cp311-macosx_10_9_x86_64.whl", hash = "sha256:0280e0356c0829a18d9de1cb7eee50ec22ca639878d7240307ca0943d73cd2c4", size = 16969194, upload-time = "2026-05-18T23:33:13.503Z" },
    { url = "https://files.pythonhosted.org/packages/0e/0d/f5957185c0ee2f3e12f78715aa9e3b353fd83633316c8532b38faa37e3f6/numpy-2.4.6-cp311-cp311-macosx_11_0_arm64.whl", hash = "sha256:110f8b71aacb688ec69062bb7f6938a0f8acb01b7c1c4beb453c65b6d234584d", size = 14964111, upload-time = "2026-05-18T23:33:17.795Z" },
    { url = "https://files.pythonhosted.org/packages/ad/40/40a40ee0ddf7ceb782c49af278894b686e586d65d8c1889c8b5da01a3d7d/numpy-2.4.6-cp311-cp311-macosx_14_0_arm64.whl", hash = "sha256:4cfe66903cc32a9921a6733d96b19bb6abf310397581bbad89c228f5abaf0ee8", size = 5469159, upload-time = "2026-05-18T23:33:20.654Z" },
    { url = "https://files.pythonhosted.org/packages/63/13/f9a8046535cb21deae82f8d03de9617e08882d274fad2539630761888228/numpy-2.4.6-cp311-cp311-macosx_14_0_x86_64.whl", hash = "sha256:8155154c7c691289fe18f510b5d4657c68c67989f293f0535a91360392ff6538", size = 6798936, upload-time = "2026-05-18T23:33:22.987Z" },
    { url = "https://files.pythonhosted.org/packages/33/a8/6fa8c1a345a8c85dbb21932c447bee07c30a2c2a3f31e369c0a84b300147/numpy-2.4.6-cp311-cp311-manylinux_2_27_aarch64.manylinux_2_28_aarch64.whl", hash = "sha256:0ab0a9c4ffb1a6d95ef519fe4247dba8eb6b18ad93999f76b7f657039acabd47", size = 15966692, upload-time = "2026-05-18T23:33:26.62Z" },
    { url = "https://files.pythonhosted.org/packages/02/03/74fe2a4cb3817d94d86402f2506554130a2f01414e299b5a843e5a8a957f/numpy-2.4.6-cp311-cp311-manylinux_2_27_x86_64.manylinux_2_28_x86_64.whl", hash = "sha256:89cd468399cfd2504718f0ba50e410dca55a170b61a02ad92bb18c8a65186e93", size = 16918164, upload-time = "2026-05-18T23:33:29.955Z" },
    { url = "https://files.pythonhosted.org/packages/c5/80/3615be3313f7e7696609bc194b9f0101da809df79e859bdb84e0cd043f46/numpy-2.4.6-cp311-cp311-musllinux_1_2_aarch64.whl", hash = "sha256:c2d37ab77531417474168eb79d6d80b14f821a966818505d03013d0833edb7a8", size = 17322877, upload-time = "2026-05-18T23:33:34.724Z" },
    { url = "https://files.pythonhosted.org/packages/ca/ac/a691e0fe2675e370d0e08ff905adc49a1c8830e8cae03efe4477e92cd55d/numpy-2.4.6-cp311-cp311-musllinux_1_2_x86_64.whl", hash = "sha256:f407cb6b8e9d6d8c626bc73c945db1706035af8fd632295547bf1c9e46d092d6", size = 18651487, upload-time = "2026-05-18T23:33:38.217Z" },
    { url = "https://files.pythonhosted.org/packages/15/a7/9bc1cd626d7bf6869bfedf27b91b6ab5dd607758bf8e959d6fa80c6a59cb/numpy-2.4.6-cp311-cp311-win32.whl", hash = "sha256:ddea102b48f9e339f3948bf22040944184627a30fdf7f858667673b9c5f033c8", size = 6233945, upload-time = "2026-05-18T23:33:41.331Z" },
    { url = "https://files.pythonhosted.org/packages/c5/31/7fc6239c12bce7e931463251cca4426c465e1876ba3cc785402ef4dd8f4e/numpy-2.4.6-cp311-cp311-win_amd64.whl", hash = "sha256:1e254a00cdf42b1e4d5b3d68d33af63268d41340d8885df2ab6470f2e1500147", size = 12608406, upload-time = "2026-05-18T23:33:44.131Z" },
    { url = "https://files.pythonhosted.org/packages/27/83/140f85a466595a16382996a1bf06b2b54bcd597488921b0c9daaeeda72af/numpy-2.4.6-cp311-cp311-win_arm64.whl", hash = "sha256:ed9749eef4cbd126da3dc1d6bcb3a57f5eb7ac6a6484146bdbf743f552dfc577", size = 10479528, upload-time = "2026-05-18T23:33:50.725Z" },
    { url = "https://files.pythonhosted.org/packages/de/12/b422cc84439adc0d00de605bf4a308890ae5c26f2c71fbd73e5d08fbb0dd/numpy-2.4.6-pp311-pypy311_pp73-macosx_10_15_x86_64.whl", hash = "sha256:55cced7c52e981362f708ad635198e97a752dfba412cc03c23bbf3bd8d5cd662", size = 16847511, upload-time = "2026-05-18T23:36:50.673Z" },
    { url = "https://files.pythonhosted.org/packages/44/53/f481bef68011740f8849418d82db07230e825013f31f4eef5ba5b805316a/numpy-2.4.6-pp311-pypy311_pp73-macosx_11_0_arm64.whl", hash = "sha256:d6da64deb6b8ed903e7560180a92f2d804ee1ba5eeb849ac2748b8c1aba1f6d7", size = 14889064, upload-time = "2026-05-18T23:36:53.879Z" },
    { url = "https://files.pythonhosted.org/packages/7f/57/42ed575c10ced8af951d426bc4e1f8aff16fd851db33f067036215a7f860/numpy-2.4.6-pp311-pypy311_pp73-macosx_14_0_arm64.whl", hash = "sha256:68a5124b13fa6cc2086764a20005d30bc0548146f7f5322f02fce212ca14317f", size = 5394157, upload-time = "2026-05-18T23:36:57.194Z" },
    { url = "https://files.pythonhosted.org/packages/6a/ef/f66cc724fcc36c1e364c67f51ae9146090b8b584f27d58b97fdae3edd737/numpy-2.4.6-pp311-pypy311_pp73-macosx_14_0_x86_64.whl", hash = "sha256:948424b06129ce883307e8cff868c31396d8dc7630a59c61d70d98dbe70f222c", size = 6708728, upload-time = "2026-05-18T23:36:59.575Z" },
    { url = "https://files.pythonhosted.org/packages/1a/9c/c531f2293b91265d8b48e9b329f54fdd7ffae73cb4134ea10cca4237e9cc/numpy-2.4.6-pp311-pypy311_pp73-manylinux_2_27_aarch64.manylinux_2_28_aarch64.whl", hash = "sha256:5dbbdb29840ca3d91ee0fece42fc29278886d908280bfec0a5846c6f901a3eb0", size = 15798374, upload-time = "2026-05-18T23:37:02.674Z" },
    { url = "https://files.pythonhosted.org/packages/1a/b0/413077f6b1153ed3cba361401c6783bbad6114804a000cc22eb71c13e190/numpy-2.4.6-pp311-pypy311_pp73-manylinux_2_27_x86_64.manylinux_2_28_x86_64.whl", hash = "sha256:8ad03c0965fb3c692200e74d458ca28c1dbb4ce96f9a479a8aa041ad5fabca02", size = 16747286, upload-time = "2026-05-18T23:37:06.327Z" },
    { url = "https://files.pythonhosted.org/packages/15/ce/e5ec180bc41812edcd8daeb8639d205622c0e8c02259d8ab25a0201b3c2a/numpy-2.4.6-pp311-pypy311_pp73-win_amd64.whl", hash = "sha256:2803abfebfc990042cd494d8ce2d5f82e9d847af6d35ec486923aa19dbad5e73", size = 12504263, upload-time = "2026-05-18T23:37:09.715Z" },
]

[[package]]
name = "pandas"
version = "3.0.5"
source = { registry = "https://pypi.org/simple" }
dependencies = [
    { name = "numpy" },
    { name = "python-dateutil" },
    { name = "tzdata", marker = "sys_platform == 'emscripten' or sys_platform == 'win32'" },
]
sdist = { url = "https://files.pythonhosted.org/packages/be/4f/5f3422a2afec5ffc46308b79e53291365a93748b498ac2e58bead0197916/pandas-3.0.5.tar.gz", hash = "sha256:dca3734d6ab7c906e6730f0788b0a1dbb9f2467731f9711f77995c8e9d62d712", size = 4658219, upload-time = "2026-07-22T22:19:28.819Z" }
wheels = [
    { url = "https://files.pythonhosted.org/packages/48/ef/f1fd7431d635bf20015489bf0bd69c17fff1018de773540f651455a3916b/pandas-3.0.5-cp311-cp311-macosx_10_9_x86_64.whl", hash = "sha256:2946e77e4a53cd248cbde631a12f0e51c8324ce354c3eba4d20147c1ad6f4282", size = 10397178, upload-time = "2026-07-22T22:17:48.274Z" },
    { url = "https://files.pythonhosted.org/packages/31/b4/0eafac990a431561187694126de01f9b12559549b4d86360c0c4bd870fde/pandas-3.0.5-cp311-cp311-macosx_11_0_arm64.whl", hash = "sha256:71ecc8fb7ed1a7aa4392316b5309a6347e8e7f832f38fd897846b3a1457a9298", size = 9990736, upload-time = "2026-07-22T22:17:52.388Z" },
    { url = "https://files.pythonhosted.org/packages/de/21/359880af3ea9b7cb23bea5b51e8e70ef3866c03be09da9a2787e18e330a8/pandas-3.0.5-cp311-cp311-manylinux_2_24_aarch64.manylinux_2_28_aarch64.whl", hash = "sha256:b173f5951ff6b8b0ec7675e20dff3c97b7e7a57dfcce387c2d7c5afe87cb7899", size = 10814438, upload-time = "2026-07-22T22:17:54.708Z" },
    { url = "https://files.pythonhosted.org/packages/d1/50/d6cc4d7e508bbccf5d6027314a8312bc7ac73d0ec7f195f53838daafab40/pandas-3.0.5-cp311-cp311-manylinux_2_24_x86_64.manylinux_2_28_x86_64.whl", hash = "sha256:2c0cf1dd9b55a22d105fc46c1b489af3bd42264fcba7c66297bf47a9a1d9c78a", size = 11323634, upload-time = "2026-07-22T22:17:56.858Z" },
    { url = "https://files.pythonhosted.org/packages/70/2b/d5f0a8c90dd0ae04e64ba53b871afb796ec026b615086d382ddc2ade729b/pandas-3.0.5-cp311-cp311-musllinux_1_2_aarch64.whl", hash = "sha256:0fac0010c75e4efb6b99e249c183a8993ce0dc95c240f9b120a5e67c727b7928", size = 11850860, upload-time = "2026-07-22T22:17:59.1Z" },
    { url = "https://files.pythonhosted.org/packages/5c/30/183aec2e19adf778a98d29b5729a0a68f4cc4ebf9b9c3b70d0297355bcb1/pandas-3.0.5-cp311-cp311-musllinux_1_2_x86_64.whl", hash = "sha256:08d24fe11a17dc33bd6e937dc9c665f9cba08fbdc9f657f405713515febe300d", size = 12411100, upload-time = "2026-07-22T22:18:01.485Z" },
    { url = "https://files.pythonhosted.org/packages/fa/9a/31f4983f191af51ab2a8f2d0c7b33dff3a84da26533f982fff02c2f9e28b/pandas-3.0.5-cp311-cp311-win_amd64.whl", hash = "sha256:b1261758dfb6cf12c3cff8300e21cefad30e7ec709abb4c24ac7318e6a52462a", size = 9968804, upload-time = "2026-07-22T22:18:03.903Z" },
    { url = "https://files.pythonhosted.org/packages/49/97/7886c89a39045c69ad82cbceaf3343810480c8ef49a216319ce8183860a6/pandas-3.0.5-cp311-cp311-win_arm64.whl", hash = "sha256:679f4e85b30ddb1515458ab1e788d3e260eae369b1f78da7a3aa4cac8ebf4a2a", size = 9205447, upload-time = "2026-07-22T22:18:06.134Z" },
]

[[package]]
name = "pyarrow"
version = "25.0.0"
source = { registry = "https://pypi.org/simple" }
sdist = { url = "https://files.pythonhosted.org/packages/27/f3/95428098d1fa7d04432fb750eed06b41304c2f6a5d3319985e64db2d9d41/pyarrow-25.0.0.tar.gz", hash = "sha256:d2d697008b5ec06d75952ef260c2e9a8a0f6ccfce24266c04c9c8ade927cb3b4", size = 1199181, upload-time = "2026-07-10T08:29:50.116Z" }
wheels = [
    { url = "https://files.pythonhosted.org/packages/a7/98/ae2b5acf9876dbeffa6f320776242c52caab062df55c8ac5501ed2679e74/pyarrow-25.0.0-cp311-cp311-macosx_12_0_arm64.whl", hash = "sha256:2e3b6544e26e393fe2cd530f523e36c1c8d3c345bbbb60cca3fd866be8322517", size = 35939080, upload-time = "2026-07-10T08:26:04.53Z" },
    { url = "https://files.pythonhosted.org/packages/80/09/3de2a968edbd496c86cb8b932cdbee2d4b08c4a28e9884a15e5c705a646b/pyarrow-25.0.0-cp311-cp311-macosx_12_0_x86_64.whl", hash = "sha256:b724d127783b4c19f088fcdfc844cbc318809246a30307bcabd5ed02045e890e", size = 37633420, upload-time = "2026-07-10T08:26:10.354Z" },
    { url = "https://files.pythonhosted.org/packages/19/86/8399243a4ce080426ec37db18d5e29148b7ec960a8a8c7f9059a7bf6ef0a/pyarrow-25.0.0-cp311-cp311-manylinux_2_28_aarch64.whl", hash = "sha256:244f98a595f70fa4fd35faa7508c4ae67e14a173397a4b3b49d2b3c360fb0062", size = 46861050, upload-time = "2026-07-10T08:26:16.397Z" },
    { url = "https://files.pythonhosted.org/packages/7b/79/72d704b02bc5fc6d06954d76a0208c1e79cad3ab370f6d6a91ffe5078870/pyarrow-25.0.0-cp311-cp311-manylinux_2_28_x86_64.whl", hash = "sha256:0222f0071d13313962a88d21bf28b80d355ac39d81bfa6ff3fe00eeaf748e4be", size = 50056458, upload-time = "2026-07-10T08:26:23.271Z" },
    { url = "https://files.pythonhosted.org/packages/06/5d/3c31a60b6403d63cad2e0f829096f5fc5763a129ead4207a5d4690b96448/pyarrow-25.0.0-cp311-cp311-musllinux_1_2_aarch64.whl", hash = "sha256:b58726f118c079f9d4ed7e904975d4f15fd69d0741ba511a4e2dcaa4ef16354f", size = 49957793, upload-time = "2026-07-10T08:26:30.232Z" },
    { url = "https://files.pythonhosted.org/packages/34/f7/8f8a019061f9863a831915329264372a87ed25eaf9109ce56eb0e84012c5/pyarrow-25.0.0-cp311-cp311-musllinux_1_2_x86_64.whl", hash = "sha256:38a2c887cb3883e241b70201688db34133b6dfadd04f03c8f9213df53770c18e", size = 53100544, upload-time = "2026-07-10T08:26:36.414Z" },
    { url = "https://files.pythonhosted.org/packages/f1/e2/738071e95c5ddad7b3dfc12f569ffa992db89d7d7b4a95258fd184191249/pyarrow-25.0.0-cp311-cp311-win_amd64.whl", hash = "sha256:161649d60a7a46c613a19fd795763ea8a88c36ba997dd99d9bc66e6794ee36e8", size = 27848311, upload-time = "2026-07-10T08:26:41.429Z" },
]

[[package]]
name = "python-dateutil"
version = "2.9.0.post0"
source = { registry = "https://pypi.org/simple" }
dependencies = [
    { name = "six" },
]
sdist = { url = "https://files.pythonhosted.org/packages/66/c0/0c8b6ad9f17a802ee498c46e004a0eb49bc148f2fd230864601a86dcf6db/python-dateutil-2.9.0.post0.tar.gz", hash = "sha256:37dd54208da7e1cd875388217d5e00ebd4179249f90fb72437e91a35459a0ad3", size = 342432, upload-time = "2024-03-01T18:36:20.211Z" }
wheels = [
    { url = "https://files.pythonhosted.org/packages/ec/57/56b9bcc3c9c6a792fcbaf139543cee77261f3651ca9da0c93f5c1221264b/python_dateutil-2.9.0.post0-py2.py3-none-any.whl", hash = "sha256:a8b2bc7bffae282281c8140a97d3aa9c14da0b136dfe83f850eea9a5f7470427", size = 229892, upload-time = "2024-03-01T18:36:18.57Z" },
]

[[package]]
name = "s3transfer"
version = "0.19.2"
source = { registry = "https://pypi.org/simple" }
dependencies = [
    { name = "botocore" },
]
sdist = { url = "https://files.pythonhosted.org/packages/76/43/35e4d8aa320bffe8287fe8f65f578fa2d2db0a64212f0e710dce58267854/s3transfer-0.19.2.tar.gz", hash = "sha256:ba0309fd86be3c27dbf78cdd813c13c5e1df16e5874b99d2535ebbdfb9892993", size = 165592, upload-time = "2026-07-22T19:30:44.432Z" }
wheels = [
    { url = "https://files.pythonhosted.org/packages/bc/e7/5c595c75e9f41a44f30e526eda465ea0b4eec93470e074e4a111b253f13a/s3transfer-0.19.2-py3-none-any.whl", hash = "sha256:d8168eccca828cbb2cd573675333f3bddd254313a9c42494b84c76b539e8ba25", size = 90216, upload-time = "2026-07-22T19:30:43.251Z" },
]

[[package]]
name = "six"
version = "1.17.0"
source = { registry = "https://pypi.org/simple" }
sdist = { url = "https://files.pythonhosted.org/packages/94/e7/b2c673351809dca68a0e064b6af791aa332cf192da575fd474ed7d6f16a2/six-1.17.0.tar.gz", hash = "sha256:ff70335d468e7eb6ec65b95b99d3a2836546063f63acc5171de367e834932a81", size = 34031, upload-time = "2024-12-04T17:35:28.174Z" }
wheels = [
    { url = "https://files.pythonhosted.org/packages/b7/ce/149a00dd41f10bc29e5921b496af8b574d8413afcd5e30dfa0ed46c2cc5e/six-1.17.0-py2.py3-none-any.whl", hash = "sha256:4721f391ed90541fddacab5acf947aa0d3dc7d27b2e1e8eda2be8970586c3274", size = 11050, upload-time = "2024-12-04T17:35:26.475Z" },
]

[[package]]
name = "tzdata"
version = "2026.3"
source = { registry = "https://pypi.org/simple" }
sdist = { url = "https://files.pythonhosted.org/packages/92/ff/5a28bdfd8c3ebec42564ac7d0e54ca3db65044a9314a97f9564fa7a1e926/tzdata-2026.3.tar.gz", hash = "sha256:4a1518b8993086a7982523e071643f3c0e5f213e75b21318e78bcabfff9d1415", size = 198674, upload-time = "2026-07-10T08:50:37.887Z" }
wheels = [
    { url = "https://files.pythonhosted.org/packages/e5/6d/b53b99a9f2766d095985947a5782f1702cabb129a34f7a802d7197af832f/tzdata-2026.3-py2.py3-none-any.whl", hash = "sha256:dc096730c87af6cab1b171c9d532be840741ff5d459015e7f6947bd7d7e54931", size = 348168, upload-time = "2026-07-10T08:50:36.46Z" },
]

[[package]]
name = "urllib3"
version = "2.7.0"
source = { registry = "https://pypi.org/simple" }
sdist = { url = "https://files.pythonhosted.org/packages/53/0c/06f8b233b8fd13b9e5ee11424ef85419ba0d8ba0b3138bf360be2ff56953/urllib3-2.7.0.tar.gz", hash = "sha256:231e0ec3b63ceb14667c67be60f2f2c40a518cb38b03af60abc813da26505f4c", size = 433602, upload-time = "2026-05-07T16:13:18.596Z" }
wheels = [
    { url = "https://files.pythonhosted.org/packages/7f/3e/5db95bcf282c52709639744ca2a8b149baccf648e39c8cc87553df9eae0c/urllib3-2.7.0-py3-none-any.whl", hash = "sha256:9fb4c81ebbb1ce9531cce37674bbc6f1360472bc18ca9a553ede278ef7276897", size = 131087, upload-time = "2026-05-07T16:13:17.151Z" },
]
